// !$*UTF8*$!
{
	archiveVersion = 1;
	classes = {
	};
	objectVersion = 56;
	objects = {

/* Begin PBXBuildFile section */
		468E786E29551B8500328994 /* IRDApp.swift in Sources */ = {isa = PBXBuildFile; fileRef = 468E786D29551B8500328994 /* IRDApp.swift */; };
		468E787029551B8500328994 /* ContentView.swift in Sources */ = {isa = PBXBuildFile; fileRef = 468E786F29551B8500328994 /* ContentView.swift */; };
		468E787229551B8600328994 /* Assets.xcassets in Resources */ = {isa = PBXBuildFile; fileRef = 468E787129551B8600328994 /* Assets.xcassets */; };
		468E787529551B8600328994 /* Preview Assets.xcassets in Resources */ = {isa = PBXBuildFile; fileRef = 468E787429551B8600328994 /* Preview Assets.xcassets */; };
		468E787E29551B9E00328994 /* SigninView.swift in Sources */ = {isa = PBXBuildFile; fileRef = 468E787D29551B9E00328994 /* SigninView.swift */; };
		468E78852955346700328994 /* BlackHanSans-Regular.ttf in Resources */ = {isa = PBXBuildFile; fileRef = 468E78842955346700328994 /* BlackHanSans-Regular.ttf */; };
		468E788F2955356E00328994 /* Color+hex.swift in Sources */ = {isa = PBXBuildFile; fileRef = 468E788E2955356E00328994 /* Color+hex.swift */; };
		468E78D9295730F600328994 /* HomeView.swift in Sources */ = {isa = PBXBuildFile; fileRef = 468E78D8295730F600328994 /* HomeView.swift */; };
		46D15787295916EA00D3972C /* NFCReader.swift in Sources */ = {isa = PBXBuildFile; fileRef = 46D15786295916EA00D3972C /* NFCReader.swift */; };
/* End PBXBuildFile section */

/* Begin PBXFileReference section */
		468E786A29551B8500328994 /* IRD.app */ = {isa = PBXFileReference; explicitFileType = wrapper.application; includeInIndex = 0; path = IRD.app; sourceTree = BUILT_PRODUCTS_DIR; };
		468E786D29551B8500328994 /* IRDApp.swift */ = {isa = PBXFileReference; lastKnownFileType = sourcecode.swift; path = IRDApp.swift; sourceTree = "<group>"; };
		468E786F29551B8500328994 /* ContentView.swift */ = {isa = PBXFileReference; lastKnownFileType = sourcecode.swift; path = ContentView.swift; sourceTree = "<group>"; };
		468E787129551B8600328994 /* Assets.xcassets */ = {isa = PBXFileReference; lastKnownFileType = folder.assetcatalog; path = Assets.xcassets; sourceTree = "<group>"; };
		468E787429551B8600328994 /* Preview Assets.xcassets */ = {isa = PBXFileReference; lastKnownFileType = folder.assetcatalog; path = "Preview Assets.xcassets"; sourceTree = "<group>"; };
		468E787D29551B9E00328994 /* SigninView.swift */ = {isa = PBXFileReference; lastKnownFileType = sourcecode.swift; path = SigninView.swift; sourceTree = "<group>"; };
		468E78842955346700328994 /* BlackHanSans-Regular.ttf */ = {isa = PBXFileReference; lastKnownFileType = file; path = "BlackHanSans-Regular.ttf"; sourceTree = "<group>"; };
		468E78862955346F00328994 /* Info.plist */ = {isa = PBXFileReference; lastKnownFileType = text.plist; path = Info.plist; sourceTree = "<group>"; };
		468E788E2955356E00328994 /* Color+hex.swift */ = {isa = PBXFileReference; lastKnownFileType = sourcecode.swift; path = "Color+hex.swift"; sourceTree = "<group>"; };
		468E78D8295730F600328994 /* HomeView.swift */ = {isa = PBXFileReference; lastKnownFileType = sourcecode.swift; path = HomeView.swift; sourceTree = "<group>"; };
		46D15786295916EA00D3972C /* NFCReader.swift */ = {isa = PBXFileReference; lastKnownFileType = sourcecode.swift; path = NFCReader.swift; sourceTree = "<group>"; };
/* End PBXFileReference section */

/* Begin PBXFrameworksBuildPhase section */
		468E786729551B8500328994 /* Frameworks */ = {
			isa = PBXFrameworksBuildPhase;
			buildActionMask = 2147483647;
			files = (
			);
			runOnlyForDeploymentPostprocessing = 0;
		};
/* End PBXFrameworksBuildPhase section */

/* Begin PBXGroup section */
		468E786129551B8500328994 = {
			isa = PBXGroup;
			children = (
				468E786C29551B8500328994 /* IRD */,
				468E786B29551B8500328994 /* Products */,
			);
			sourceTree = "<group>";
		};
		468E786B29551B8500328994 /* Products */ = {
			isa = PBXGroup;
			children = (
				468E786A29551B8500328994 /* IRD.app */,
			);
			name = Products;
			sourceTree = "<group>";
		};
		468E786C29551B8500328994 /* IRD */ = {
			isa = PBXGroup;
			children = (
				468E78862955346F00328994 /* Info.plist */,
				468E78822955342D00328994 /* Sources */,
				468E78802955342800328994 /* Resources */,
				468E786F29551B8500328994 /* ContentView.swift */,
				468E787129551B8600328994 /* Assets.xcassets */,
				468E787329551B8600328994 /* Preview Content */,
			);
			path = IRD;
			sourceTree = "<group>";
		};
		468E787329551B8600328994 /* Preview Content */ = {
			isa = PBXGroup;
			children = (
				468E787429551B8600328994 /* Preview Assets.xcassets */,
			);
			path = "Preview Content";
			sourceTree = "<group>";
		};
		468E787B29551B9100328994 /* Scenes */ = {
			isa = PBXGroup;
			children = (
				468E78D7295730EF00328994 /* Home */,
				468E787C29551B9400328994 /* Signin */,
			);
			path = Scenes;
			sourceTree = "<group>";
		};
		468E787C29551B9400328994 /* Signin */ = {
			isa = PBXGroup;
			children = (
				468E787D29551B9E00328994 /* SigninView.swift */,
			);
			path = Signin;
			sourceTree = "<group>";
		};
		468E78802955342800328994 /* Resources */ = {
			isa = PBXGroup;
			children = (
				468E78812955342900328994 /* Font */,
			);
			path = Resources;
			sourceTree = "<group>";
		};
		468E78812955342900328994 /* Font */ = {
			isa = PBXGroup;
			children = (
				468E78842955346700328994 /* BlackHanSans-Regular.ttf */,
			);
			path = Font;
			sourceTree = "<group>";
		};
		468E78822955342D00328994 /* Sources */ = {
			isa = PBXGroup;
			children = (
				468E788B2955356400328994 /* Utils */,
				468E78832955343100328994 /* Application */,
				468E787B29551B9100328994 /* Scenes */,
			);
			path = Sources;
			sourceTree = "<group>";
		};
		468E78832955343100328994 /* Application */ = {
			isa = PBXGroup;
			children = (
				468E786D29551B8500328994 /* IRDApp.swift */,
			);
			path = Application;
			sourceTree = "<group>";
		};
		468E788B2955356400328994 /* Utils */ = {
			isa = PBXGroup;
			children = (
				46D15785295916E500D3972C /* NFC */,
				468E788C2955356600328994 /* Extension */,
			);
			path = Utils;
			sourceTree = "<group>";
		};
		468E788C2955356600328994 /* Extension */ = {
			isa = PBXGroup;
			children = (
				468E788D2955356900328994 /* Color */,
			);
			path = Extension;
			sourceTree = "<group>";
		};
		468E788D2955356900328994 /* Color */ = {
			isa = PBXGroup;
			children = (
				468E788E2955356E00328994 /* Color+hex.swift */,
			);
			path = Color;
			sourceTree = "<group>";
		};
		468E78D7295730EF00328994 /* Home */ = {
			isa = PBXGroup;
			children = (
				468E78D8295730F600328994 /* HomeView.swift */,
			);
			path = Home;
			sourceTree = "<group>";
		};
		46D15785295916E500D3972C /* NFC */ = {
			isa = PBXGroup;
			children = (
				46D15786295916EA00D3972C /* NFCReader.swift */,
			);
			path = NFC;
			sourceTree = "<group>";
		};
/* End PBXGroup section */

/* Begin PBXNativeTarget section */
		468E786929551B8500328994 /* IRD */ = {
			isa = PBXNativeTarget;
			buildConfigurationList = 468E787829551B8600328994 /* Build configuration list for PBXNativeTarget "IRD" */;
			buildPhases = (
				468E786629551B8500328994 /* Sources */,
				468E786729551B8500328994 /* Frameworks */,
				468E786829551B8500328994 /* Resources */,
			);
			buildRules = (
			);
			dependencies = (
			);
			name = IRD;
			productName = IRD;
			productReference = 468E786A29551B8500328994 /* IRD.app */;
			productType = "com.apple.product-type.application";
		};
/* End PBXNativeTarget section */

/* Begin PBXProject section */
		468E786229551B8500328994 /* Project object */ = {
			isa = PBXProject;
			attributes = {
				BuildIndependentTargetsInParallel = 1;
				LastSwiftUpdateCheck = 1410;
				LastUpgradeCheck = 1410;
				TargetAttributes = {
					468E786929551B8500328994 = {
						CreatedOnToolsVersion = 14.1;
					};
				};
			};
			buildConfigurationList = 468E786529551B8500328994 /* Build configuration list for PBXProject "IRD" */;
			compatibilityVersion = "Xcode 14.0";
			developmentRegion = en;
			hasScannedForEncodings = 0;
			knownRegions = (
				en,
				Base,
			);
			mainGroup = 468E786129551B8500328994;
			productRefGroup = 468E786B29551B8500328994 /* Products */;
			projectDirPath = "";
			projectRoot = "";
			targets = (
				468E786929551B8500328994 /* IRD */,
			);
		};
/* End PBXProject section */

/* Begin PBXResourcesBuildPhase section */
		468E786829551B8500328994 /* Resources */ = {
			isa = PBXResourcesBuildPhase;
			buildActionMask = 2147483647;
			files = (
				468E787529551B8600328994 /* Preview Assets.xcassets in Resources */,
				468E787229551B8600328994 /* Assets.xcassets in Resources */,
				468E78852955346700328994 /* BlackHanSans-Regular.ttf in Resources */,
			);
			runOnlyForDeploymentPostprocessing = 0;
		};
/* End PBXResourcesBuildPhase section */

/* Begin PBXSourcesBuildPhase section */
		468E786629551B8500328994 /* Sources */ = {
			isa = PBXSourcesBuildPhase;
			buildActionMask = 2147483647;
			files = (
				468E787029551B8500328994 /* ContentView.swift in Sources */,
				468E788F2955356E00328994 /* Color+hex.swift in Sources */,
				46D15787295916EA00D3972C /* NFCReader.swift in Sources */,
				468E786E29551B8500328994 /* IRDApp.swift in Sources */,
				468E78D9295730F600328994 /* HomeView.swift in Sources */,
				468E787E29551B9E00328994 /* SigninView.swift in Sources */,
			);
			runOnlyForDeploymentPostprocessing = 0;
		};
/* End PBXSourcesBuildPhase section */

/* Begin XCBuildConfiguration section */
		468E787629551B8600328994 /* Debug */ = {
			isa = XCBuildConfiguration;
			buildSettings = {
				ALWAYS_SEARCH_USER_PATHS = NO;
				CLANG_ANALYZER_NONNULL = YES;
				CLANG_ANALYZER_NUMBER_OBJECT_CONVERSION = YES_AGGRESSIVE;
				CLANG_CXX_LANGUAGE_STANDARD = "gnu++20";
				CLANG_ENABLE_MODULES = YES;
				CLANG_ENABLE_OBJC_ARC = YES;
				CLANG_ENABLE_OBJC_WEAK = YES;
				CLANG_WARN_BLOCK_CAPTURE_AUTORELEASING = YES;
				CLANG_WARN_BOOL_CONVERSION = YES;
				CLANG_WARN_COMMA = YES;
				CLANG_WARN_CONSTANT_CONVERSION = YES;
				CLANG_WARN_DEPRECATED_OBJC_IMPLEMENTATIONS = YES;
				CLANG_WARN_DIRECT_OBJC_ISA_USAGE = YES_ERROR;
				CLANG_WARN_DOCUMENTATION_COMMENTS = YES;
				CLANG_WARN_EMPTY_BODY = YES;
				CLANG_WARN_ENUM_CONVERSION = YES;
				CLANG_WARN_INFINITE_RECURSION = YES;
				CLANG_WARN_INT_CONVERSION = YES;
				CLANG_WARN_NON_LITERAL_NULL_CONVERSION = YES;
				CLANG_WARN_OBJC_IMPLICIT_RETAIN_SELF = YES;
				CLANG_WARN_OBJC_LITERAL_CONVERSION = YES;
				CLANG_WARN_OBJC_ROOT_CLASS = YES_ERROR;
				CLANG_WARN_QUOTED_INCLUDE_IN_FRAMEWORK_HEADER = YES;
				CLANG_WARN_RANGE_LOOP_ANALYSIS = YES;
				CLANG_WARN_STRICT_PROTOTYPES = YES;
				CLANG_WARN_SUSPICIOUS_MOVE = YES;
				CLANG_WARN_UNGUARDED_AVAILABILITY = YES_AGGRESSIVE;
				CLANG_WARN_UNREACHABLE_CODE = YES;
				CLANG_WARN__DUPLICATE_METHOD_MATCH = YES;
				COPY_PHASE_STRIP = NO;
				DEBUG_INFORMATION_FORMAT = dwarf;
				ENABLE_STRICT_OBJC_MSGSEND = YES;
				ENABLE_TESTABILITY = YES;
				GCC_C_LANGUAGE_STANDARD = gnu11;
				GCC_DYNAMIC_NO_PIC = NO;
				GCC_NO_COMMON_BLOCKS = YES;
				GCC_OPTIMIZATION_LEVEL = 0;
				GCC_PREPROCESSOR_DEFINITIONS = (
					"DEBUG=1",
					"$(inherited)",
				);
				GCC_WARN_64_TO_32_BIT_CONVERSION = YES;
				GCC_WARN_ABOUT_RETURN_TYPE = YES_ERROR;
				GCC_WARN_UNDECLARED_SELECTOR = YES;
				GCC_WARN_UNINITIALIZED_AUTOS = YES_AGGRESSIVE;
				GCC_WARN_UNUSED_FUNCTION = YES;
				GCC_WARN_UNUSED_VARIABLE = YES;
				IPHONEOS_DEPLOYMENT_TARGET = 16.1;
				MTL_ENABLE_DEBUG_INFO = INCLUDE_SOURCE;
				MTL_FAST_MATH = YES;
				ONLY_ACTIVE_ARCH = YES;
				SDKROOT = iphoneos;
				SWIFT_ACTIVE_COMPILATION_CONDITIONS = DEBUG;
				SWIFT_OPTIMIZATION_LEVEL = "-Onone";
			};
			name = Debug;
		};
		468E787729551B8600328994 /* Release */ = {
			isa = XCBuildConfiguration;
			buildSettings = {
				ALWAYS_SEARCH_USER_PATHS = NO;
				CLANG_ANALYZER_NONNULL = YES;
				CLANG_ANALYZER_NUMBER_OBJECT_CONVERSION = YES_AGGRESSIVE;
				CLANG_CXX_LANGUAGE_STANDARD = "gnu++20";
				CLANG_ENABLE_MODULES = YES;
				CLANG_ENABLE_OBJC_ARC = YES;
				CLANG_ENABLE_OBJC_WEAK = YES;
				CLANG_WARN_BLOCK_CAPTURE_AUTORELEASING = YES;
				CLANG_WARN_BOOL_CONVERSION = YES;
				CLANG_WARN_COMMA = YES;
				CLANG_WARN_CONSTANT_CONVERSION = YES;
				CLANG_WARN_DEPRECATED_OBJC_IMPLEMENTATIONS = YES;
				CLANG_WARN_DIRECT_OBJC_ISA_USAGE = YES_ERROR;
				CLANG_WARN_DOCUMENTATION_COMMENTS = YES;
				CLANG_WARN_EMPTY_BODY = YES;
				CLANG_WARN_ENUM_CONVERSION = YES;
				CLANG_WARN_INFINITE_RECURSION = YES;
				CLANG_WARN_INT_CONVERSION = YES;
				CLANG_WARN_NON_LITERAL_NULL_CONVERSION = YES;
				CLANG_WARN_OBJC_IMPLICIT_RETAIN_SELF = YES;
				CLANG_WARN_OBJC_LITERAL_CONVERSION = YES;
				CLANG_WARN_OBJC_ROOT_CLASS = YES_ERROR;
				CLANG_WARN_QUOTED_INCLUDE_IN_FRAMEWORK_HEADER = YES;
				CLANG_WARN_RANGE_LOOP_ANALYSIS = YES;
				CLANG_WARN_STRICT_PROTOTYPES = YES;
				CLANG_WARN_SUSPICIOUS_MOVE = YES;
				CLANG_WARN_UNGUARDED_AVAILABILITY = YES_AGGRESSIVE;
				CLANG_WARN_UNREACHABLE_CODE = YES;
				CLANG_WARN__DUPLICATE_METHOD_MATCH = YES;
				COPY_PHASE_STRIP = NO;
				DEBUG_INFORMATION_FORMAT = "dwarf-with-dsym";
				ENABLE_NS_ASSERTIONS = NO;
				ENABLE_STRICT_OBJC_MSGSEND = YES;
				GCC_C_LANGUAGE_STANDARD = gnu11;
				GCC_NO_COMMON_BLOCKS = YES;
				GCC_WARN_64_TO_32_BIT_CONVERSION = YES;
				GCC_WARN_ABOUT_RETURN_TYPE = YES_ERROR;
				GCC_WARN_UNDECLARED_SELECTOR = YES;
				GCC_WARN_UNINITIALIZED_AUTOS = YES_AGGRESSIVE;
				GCC_WARN_UNUSED_FUNCTION = YES;
				GCC_WARN_UNUSED_VARIABLE = YES;
				IPHONEOS_DEPLOYMENT_TARGET = 16.1;
				MTL_ENABLE_DEBUG_INFO = NO;
				MTL_FAST_MATH = YES;
				SDKROOT = iphoneos;
				SWIFT_COMPILATION_MODE = wholemodule;
				SWIFT_OPTIMIZATION_LEVEL = "-O";
				VALIDATE_PRODUCT = YES;
			};
			name = Release;
		};
		468E787929551B8600328994 /* Debug */ = {
			isa = XCBuildConfiguration;
			buildSettings = {
				ASSETCATALOG_COMPILER_APPICON_NAME = AppIcon;
				ASSETCATALOG_COMPILER_GLOBAL_ACCENT_COLOR_NAME = AccentColor;
				CODE_SIGN_STYLE = Automatic;
				CURRENT_PROJECT_VERSION = 1;
				DEVELOPMENT_ASSET_PATHS = "\"IRD/Preview Content\"";
				DEVELOPMENT_TEAM = 235C2RVZ7L;
				ENABLE_PREVIEWS = YES;
				GENERATE_INFOPLIST_FILE = YES;
				INFOPLIST_FILE = IRD/Info.plist;
				INFOPLIST_KEY_UIApplicationSceneManifest_Generation = YES;
				INFOPLIST_KEY_UIApplicationSupportsIndirectInputEvents = YES;
				INFOPLIST_KEY_UILaunchScreen_Generation = YES;
				INFOPLIST_KEY_UISupportedInterfaceOrientations_iPad = "UIInterfaceOrientationPortrait UIInterfaceOrientationPortraitUpsideDown UIInterfaceOrientationLandscapeLeft UIInterfaceOrientationLandscapeRight";
				INFOPLIST_KEY_UISupportedInterfaceOrientations_iPhone = "UIInterfaceOrientationPortrait UIInterfaceOrientationLandscapeLeft UIInterfaceOrientationLandscapeRight";
				LD_RUNPATH_SEARCH_PATHS = (
					"$(inherited)",
					"@executable_path/Frameworks",
				);
				MARKETING_VERSION = 1.0;
				PRODUCT_BUNDLE_IDENTIFIER = baegteun.IRD;
				PRODUCT_NAME = "$(TARGET_NAME)";
				SWIFT_EMIT_LOC_STRINGS = YES;
				SWIFT_VERSION = 5.0;
				TARGETED_DEVICE_FAMILY = "1,2";
			};
			name = Debug;
		};
		468E787A29551B8600328994 /* Release */ = {
			isa = XCBuildConfiguration;
			buildSettings = {
				ASSETCATALOG_COMPILER_APPICON_NAME = AppIcon;
				ASSETCATALOG_COMPILER_GLOBAL_ACCENT_COLOR_NAME = AccentColor;
				CODE_SIGN_STYLE = Automatic;
				CURRENT_PROJECT_VERSION = 1;
				DEVELOPMENT_ASSET_PATHS = "\"IRD/Preview Content\"";
				DEVELOPMENT_TEAM = 235C2RVZ7L;
				ENABLE_PREVIEWS = YES;
				GENERATE_INFOPLIST_FILE = YES;
				INFOPLIST_FILE = IRD/Info.plist;
				INFOPLIST_KEY_UIApplicationSceneManifest_Generation = YES;
				INFOPLIST_KEY_UIApplicationSupportsIndirectInputEvents = YES;
				INFOPLIST_KEY_UILaunchScreen_Generation = YES;
				INFOPLIST_KEY_UISupportedInterfaceOrientations_iPad = "UIInterfaceOrientationPortrait UIInterfaceOrientationPortraitUpsideDown UIInterfaceOrientationLandscapeLeft UIInterfaceOrientationLandscapeRight";
				INFOPLIST_KEY_UISupportedInterfaceOrientations_iPhone = "UIInterfaceOrientationPortrait UIInterfaceOrientationLandscapeLeft UIInterfaceOrientationLandscapeRight";
				LD_RUNPATH_SEARCH_PATHS = (
					"$(inherited)",
					"@executable_path/Frameworks",
				);
				MARKETING_VERSION = 1.0;
				PRODUCT_BUNDLE_IDENTIFIER = baegteun.IRD;
				PRODUCT_NAME = "$(TARGET_NAME)";
				SWIFT_EMIT_LOC_STRINGS = YES;
				SWIFT_VERSION = 5.0;
				TARGETED_DEVICE_FAMILY = "1,2";
			};
			name = Release;
		};
/* End XCBuildConfiguration section */

/* Begin XCConfigurationList section */
		468E786529551B8500328994 /* Build configuration list for PBXProject "IRD" */ = {
			isa = XCConfigurationList;
			buildConfigurations = (
				468E787629551B8600328994 /* Debug */,
				468E787729551B8600328994 /* Release */,
			);
			defaultConfigurationIsVisible = 0;
			defaultConfigurationName = Release;
		};
		468E787829551B8600328994 /* Build configuration list for PBXNativeTarget "IRD" */ = {
			isa = XCConfigurationList;
			buildConfigurations = (
				468E787929551B8600328994 /* Debug */,
				468E787A29551B8600328994 /* Release */,
			);
			defaultConfigurationIsVisible = 0;
			defaultConfigurationName = Release;
		};
/* End XCConfigurationList section */
	};
	rootObject = 468E786229551B8500328994 /* Project object */;
}
